
Microsoft Visual Studio Solution File, Format Version 12.00
# Visual Studio 15
VisualStudioVersion = 15.0.28307.1062
MinimumVisualStudioVersion = 10.0.40219.1
Project("{8BC9CEB8-8B4A-11D0-8D11-00A0C91BC942}") = "PrefetchAndClflushTest", "PrefetchAndClflushTest\PrefetchAndClflushTest.vcxproj", "{6FDB8379-D4F3-480B-9310-31071FF70C13}"
EndProject
Global
	GlobalSection(SolutionConfigurationPlatforms) = preSolution
		Debug|x64 = Debug|x64
		Debug|x86 = Debug|x86
		Release|x64 = Release|x64
		Release|x86 = Release|x86
	EndGlobalSection
	GlobalSection(ProjectConfigurationPlatforms) = postSolution
		{6FDB8379-D4F3-480B-9310-31071FF70C13}.Debug|x64.ActiveCfg = Debug|x64
		{6FDB8379-D4F3-480B-9310-31071FF70C13}.Debug|x64.Build.0 = Debug|x64
		{6FDB8379-D4F3-480B-9310-31071FF70C13}.Debug|x86.ActiveCfg = Debug|Win32
		{6FDB8379-D4F3-480B-9310-31071FF70C13}.Debug|x86.Build.0 = Debug|Win32
		{6FDB8379-D4F3-480B-9310-31071FF70C13}.Release|x64.ActiveCfg = Release|x64
		{6FDB8379-D4F3-480B-9310-31071FF70C13}.Release|x64.Build.0 = Release|x64
		{6FDB8379-D4F3-480B-9310-31071FF70C13}.Release|x86.ActiveCfg = Release|Win32
		{6FDB8379-D4F3-480B-9310-31071FF70C13}.Release|x86.Build.0 = Release|Win32
	EndGlobalSection
	GlobalSection(SolutionProperties) = preSolution
		HideSolutionNode = FALSE
	EndGlobalSection
	GlobalSection(ExtensibilityGlobals) = postSolution
		SolutionGuid = {B575C529-E55D-4822-B54D-B2BE963925EA}
	EndGlobalSection
EndGlobal
